
Microsoft Visual Studio Solution File, Format Version 12.00
# Visual Studio Version 17
VisualStudioVersion = 17.10.35013.160
MinimumVisualStudioVersion = 10.0.40219.1
Project("{FAE04EC0-301F-11D3-BF4B-00C04F79EFBC}") = "MVC_App_Git_Azure", "MVC_App_Git_Azure.csproj", "{30AD6933-89C6-4A3B-8320-32EC1E487D2A}"
EndProject
Global
	GlobalSection(SolutionConfigurationPlatforms) = preSolution
		Debug|Any CPU = Debug|Any CPU
		Release|Any CPU = Release|Any CPU
	EndGlobalSection
	GlobalSection(ProjectConfigurationPlatforms) = postSolution
		{30AD6933-89C6-4A3B-8320-32EC1E487D2A}.Debug|Any CPU.ActiveCfg = Debug|Any CPU
		{30AD6933-89C6-4A3B-8320-32EC1E487D2A}.Debug|Any CPU.Build.0 = Debug|Any CPU
		{30AD6933-89C6-4A3B-8320-32EC1E487D2A}.Release|Any CPU.ActiveCfg = Release|Any CPU
		{30AD6933-89C6-4A3B-8320-32EC1E487D2A}.Release|Any CPU.Build.0 = Release|Any CPU
	EndGlobalSection
	GlobalSection(SolutionProperties) = preSolution
		HideSolutionNode = FALSE
	EndGlobalSection
	GlobalSection(ExtensibilityGlobals) = postSolution
		SolutionGuid = {9A1F64E8-AA25-403E-81B5-8E6B05886824}
	EndGlobalSection
EndGlobal
